
Microsoft Visual Studio Solution File, Format Version 12.00
# Visual Studio 15
VisualStudioVersion = 15.0.27130.2027
MinimumVisualStudioVersion = 10.0.40219.1
Project("{9A19103F-16F7-4668-BE54-9A1E7A4F7556}") = "Caf.Etl", "Caf.Etl\Caf.Etl.csproj", "{042EDCA2-4368-420F-BCC5-7A6EC804D2C2}"
EndProject
Project("{9A19103F-16F7-4668-BE54-9A1E7A4F7556}") = "Caf.Etl.UnitTests", "Caf.Etl.UnitTests\Caf.Etl.UnitTests.csproj", "{D9B6EF34-2141-407A-A32F-555FE7B49287}"
EndProject
Project("{9A19103F-16F7-4668-BE54-9A1E7A4F7556}") = "Caf.Etl.TestUtils", "Caf.Etl.TestUtils\Caf.Etl.TestUtils.csproj", "{923320CE-59BE-4597-AD59-B5C214D4F5C9}"
EndProject
Project("{FAE04EC0-301F-11D3-BF4B-00C04F79EFBC}") = "Caf.Etl.IntegrationTests", "Caf.Etl.IntegrationTests\Caf.Etl.IntegrationTests.csproj", "{2FF2AD21-8577-4C37-852E-415B549B77CB}"
EndProject
Global
	GlobalSection(SolutionConfigurationPlatforms) = preSolution
		Debug|Any CPU = Debug|Any CPU
		Release|Any CPU = Release|Any CPU
	EndGlobalSection
	GlobalSection(ProjectConfigurationPlatforms) = postSolution
		{042EDCA2-4368-420F-BCC5-7A6EC804D2C2}.Debug|Any CPU.ActiveCfg = Debug|Any CPU
		{042EDCA2-4368-420F-BCC5-7A6EC804D2C2}.Debug|Any CPU.Build.0 = Debug|Any CPU
		{042EDCA2-4368-420F-BCC5-7A6EC804D2C2}.Release|Any CPU.ActiveCfg = Release|Any CPU
		{042EDCA2-4368-420F-BCC5-7A6EC804D2C2}.Release|Any CPU.Build.0 = Release|Any CPU
		{D9B6EF34-2141-407A-A32F-555FE7B49287}.Debug|Any CPU.ActiveCfg = Debug|Any CPU
		{D9B6EF34-2141-407A-A32F-555FE7B49287}.Debug|Any CPU.Build.0 = Debug|Any CPU
		{D9B6EF34-2141-407A-A32F-555FE7B49287}.Release|Any CPU.ActiveCfg = Release|Any CPU
		{D9B6EF34-2141-407A-A32F-555FE7B49287}.Release|Any CPU.Build.0 = Release|Any CPU
		{923320CE-59BE-4597-AD59-B5C214D4F5C9}.Debug|Any CPU.ActiveCfg = Debug|Any CPU
		{923320CE-59BE-4597-AD59-B5C214D4F5C9}.Debug|Any CPU.Build.0 = Debug|Any CPU
		{923320CE-59BE-4597-AD59-B5C214D4F5C9}.Release|Any CPU.ActiveCfg = Release|Any CPU
		{923320CE-59BE-4597-AD59-B5C214D4F5C9}.Release|Any CPU.Build.0 = Release|Any CPU
		{2FF2AD21-8577-4C37-852E-415B549B77CB}.Debug|Any CPU.ActiveCfg = Debug|Any CPU
		{2FF2AD21-8577-4C37-852E-415B549B77CB}.Debug|Any CPU.Build.0 = Debug|Any CPU
		{2FF2AD21-8577-4C37-852E-415B549B77CB}.Release|Any CPU.ActiveCfg = Release|Any CPU
		{2FF2AD21-8577-4C37-852E-415B549B77CB}.Release|Any CPU.Build.0 = Release|Any CPU
	EndGlobalSection
	GlobalSection(SolutionProperties) = preSolution
		HideSolutionNode = FALSE
	EndGlobalSection
	GlobalSection(ExtensibilityGlobals) = postSolution
		SolutionGuid = {4CD0F471-0F4B-4F6F-944D-E07C97D0DD71}
	EndGlobalSection
EndGlobal
